
Microsoft Visual Studio Solution File, Format Version 12.00
# Visual Studio Version 17
VisualStudioVersion = 17.14.36603.0
MinimumVisualStudioVersion = 10.0.40219.1
Project("{9A19103F-16F7-4668-BE54-9A1E7A4F7556}") = "Egzotopia", "Egzotopia\Egzotopia.csproj", "{855809DB-CE94-4074-89F4-6593227C8DB3}"
EndProject
Global
	GlobalSection(SolutionConfigurationPlatforms) = preSolution
		Debug|Any CPU = Debug|Any CPU
		Release|Any CPU = Release|Any CPU
	EndGlobalSection
	GlobalSection(ProjectConfigurationPlatforms) = postSolution
		{855809DB-CE94-4074-89F4-6593227C8DB3}.Debug|Any CPU.ActiveCfg = Debug|Any CPU
		{855809DB-CE94-4074-89F4-6593227C8DB3}.Debug|Any CPU.Build.0 = Debug|Any CPU
		{855809DB-CE94-4074-89F4-6593227C8DB3}.Release|Any CPU.ActiveCfg = Release|Any CPU
		{855809DB-CE94-4074-89F4-6593227C8DB3}.Release|Any CPU.Build.0 = Release|Any CPU
	EndGlobalSection
	GlobalSection(SolutionProperties) = preSolution
		HideSolutionNode = FALSE
	EndGlobalSection
	GlobalSection(ExtensibilityGlobals) = postSolution
		SolutionGuid = {6E3028AB-A01F-4440-B5CF-133A7F55F94A}
	EndGlobalSection
EndGlobal
